{
  "name": "regex-recursion",
  "version": "1.0.0",
  "lockfileVersion": 3,
  "requires": true,
  "packages": {
    "": {
      "name": "regex-recursion",
      "version": "1.0.0",
      "license": "ISC",
      "dependencies": {
        "jest": "^29.5.0"

     
        "ansi-styles": "^4.1.0",
        "supports-color": "^7.1.0"
      },
      "engines": {
   
        "node": ">=6.0"
      },